<?xml version="1.0" encoding="UTF-8"?>
<!DOCTYPE plist PUBLIC "-//Apple//DTD PLIST 1.0//EN" "http://www.apple.com/DTDs/PropertyList-1.0.dtd">
<plist version="1.0">
<dict>
	<key>archiveVersion</key>
	<string>1</string>
	<key>classes</key>
	<dict/>
	<key>objectVersion</key>
	<string>46</string>
	<key>objects</key>
	<dict>
		<key>18DB6BECA41C41B0A6B814F5</key>
		<dict>
			<key>buildActionMask</key>
			<string>2147483647</string>
			<key>files</key>
			<array/>
			<key>inputPaths</key>
			<array/>
			<key>isa</key>
			<string>PBXShellScriptBuildPhase</string>
			<key>name</key>
			<string>Copy Pods Resources</string>
			<key>outputPaths</key>
			<array/>
			<key>runOnlyForDeploymentPostprocessing</key>
			<string>0</string>
			<key>shellPath</key>
			<string>/bin/sh</string>
			<key>shellScript</key>
			<string>"${SRCROOT}/Pods/Pods-resources.sh"
</string>
			<key>showEnvVarsInLog</key>
			<string>0</string>
		</dict>
		<key>5A60DF66802D449CB125D2C6</key>
		<dict>
			<key>buildActionMask</key>
			<string>2147483647</string>
			<key>files</key>
			<array/>
			<key>inputPaths</key>
			<array/>
			<key>isa</key>
			<string>PBXShellScriptBuildPhase</string>
			<key>name</key>
			<string>Check Pods Manifest.lock</string>
			<key>outputPaths</key>
			<array/>
			<key>runOnlyForDeploymentPostprocessing</key>
			<string>0</string>
			<key>shellPath</key>
			<string>/bin/sh</string>
			<key>shellScript</key>
			<string>diff "${PODS_ROOT}/../Podfile.lock" "${PODS_ROOT}/Manifest.lock" &gt; /dev/null
if [[ $? != 0 ]] ; then
    cat &lt;&lt; EOM
error: The sandbox is not in sync with the Podfile.lock. Run 'pod install' or update your CocoaPods installation.
EOM
    exit 1
fi
</string>
			<key>showEnvVarsInLog</key>
			<string>0</string>
		</dict>
		<key>9A6B60BF196D19710016D83B</key>
		<dict>
			<key>children</key>
			<array>
				<string>9A6B60D1196D19710016D83B</string>
				<string>9A6B60F0196D19720016D83B</string>
				<string>9A6B60CA196D19710016D83B</string>
				<string>9A6B60C9196D19710016D83B</string>
				<string>ACFD39B11A034E4BB459C1FE</string>
			</array>
			<key>isa</key>
			<string>PBXGroup</string>
			<key>sourceTree</key>
			<string>&lt;group&gt;</string>
		</dict>
		<key>9A6B60C0196D19710016D83B</key>
		<dict>
			<key>attributes</key>
			<dict>
				<key>CLASSPREFIX</key>
				<string>OS</string>
				<key>LastUpgradeCheck</key>
				<string>0510</string>
				<key>ORGANIZATIONNAME</key>
				<string>IDesign Network Inc</string>
				<key>TargetAttributes</key>
				<dict>
					<key>9A6B60E8196D19720016D83B</key>
					<dict>
						<key>TestTargetID</key>
						<string>9A6B60C7196D19710016D83B</string>
					</dict>
				</dict>
			</dict>
			<key>buildConfigurationList</key>
			<string>9A6B60C3196D19710016D83B</string>
			<key>compatibilityVersion</key>
			<string>Xcode 3.2</string>
			<key>developmentRegion</key>
			<string>English</string>
			<key>hasScannedForEncodings</key>
			<string>0</string>
			<key>isa</key>
			<string>PBXProject</string>
			<key>knownRegions</key>
			<array>
				<string>en</string>
				<string>Base</string>
			</array>
			<key>mainGroup</key>
			<string>9A6B60BF196D19710016D83B</string>
			<key>productRefGroup</key>
			<string>9A6B60C9196D19710016D83B</string>
			<key>projectDirPath</key>
			<string></string>
			<key>projectReferences</key>
			<array/>
			<key>projectRoot</key>
			<string></string>
			<key>targets</key>
			<array>
				<string>9A6B60C7196D19710016D83B</string>
				<string>9A6B60E8196D19720016D83B</string>
			</array>
		</dict>
		<key>9A6B60C3196D19710016D83B</key>
		<dict>
			<key>buildConfigurations</key>
			<array>
				<string>9A6B60F8196D19720016D83B</string>
				<string>9A6B60F9196D19720016D83B</string>
			</array>
			<key>defaultConfigurationIsVisible</key>
			<string>0</string>
			<key>defaultConfigurationName</key>
			<string>Release</string>
			<key>isa</key>
			<string>XCConfigurationList</string>
		</dict>
		<key>9A6B60C4196D19710016D83B</key>
		<dict>
			<key>buildActionMask</key>
			<string>2147483647</string>
			<key>files</key>
			<array>
				<string>9A6B60DC196D19710016D83B</string>
				<string>9A6B60D8196D19710016D83B</string>
				<string>9A6B60E2196D19720016D83B</string>
			</array>
			<key>isa</key>
			<string>PBXSourcesBuildPhase</string>
			<key>runOnlyForDeploymentPostprocessing</key>
			<string>0</string>
		</dict>
		<key>9A6B60C5196D19710016D83B</key>
		<dict>
			<key>buildActionMask</key>
			<string>2147483647</string>
			<key>files</key>
			<array>
				<string>9A6B60CE196D19710016D83B</string>
				<string>9A6B60D0196D19710016D83B</string>
				<string>9A6B60CC196D19710016D83B</string>
				<string>D351182AA7EE403B88B60017</string>
			</array>
			<key>isa</key>
			<string>PBXFrameworksBuildPhase</string>
			<key>runOnlyForDeploymentPostprocessing</key>
			<string>0</string>
		</dict>
		<key>9A6B60C6196D19710016D83B</key>
		<dict>
			<key>buildActionMask</key>
			<string>2147483647</string>
			<key>files</key>
			<array>
				<string>9A6B60E4196D19720016D83B</string>
				<string>9A6B60D6196D19710016D83B</string>
				<string>9A6B60DF196D19710016D83B</string>
			</array>
			<key>isa</key>
			<string>PBXResourcesBuildPhase</string>
			<key>runOnlyForDeploymentPostprocessing</key>
			<string>0</string>
		</dict>
		<key>9A6B60C7196D19710016D83B</key>
		<dict>
			<key>buildConfigurationList</key>
			<string>9A6B60FA196D19720016D83B</string>
			<key>buildPhases</key>
			<array>
				<string>5A60DF66802D449CB125D2C6</string>
				<string>9A6B60C4196D19710016D83B</string>
				<string>9A6B60C5196D19710016D83B</string>
				<string>9A6B60C6196D19710016D83B</string>
				<string>18DB6BECA41C41B0A6B814F5</string>
			</array>
			<key>buildRules</key>
			<array/>
			<key>dependencies</key>
			<array/>
			<key>isa</key>
			<string>PBXNativeTarget</string>
			<key>name</key>
			<string>OpenSilo</string>
			<key>productName</key>
			<string>OpenSilo</string>
			<key>productReference</key>
			<string>9A6B60C8196D19710016D83B</string>
			<key>productType</key>
			<string>com.apple.product-type.application</string>
		</dict>
		<key>9A6B60C8196D19710016D83B</key>
		<dict>
			<key>explicitFileType</key>
			<string>wrapper.application</string>
			<key>includeInIndex</key>
			<string>0</string>
			<key>isa</key>
			<string>PBXFileReference</string>
			<key>path</key>
			<string>OpenSilo.app</string>
			<key>sourceTree</key>
			<string>BUILT_PRODUCTS_DIR</string>
		</dict>
		<key>9A6B60C9196D19710016D83B</key>
		<dict>
			<key>children</key>
			<array>
				<string>9A6B60C8196D19710016D83B</string>
				<string>9A6B60E9196D19720016D83B</string>
			</array>
			<key>isa</key>
			<string>PBXGroup</string>
			<key>name</key>
			<string>Products</string>
			<key>sourceTree</key>
			<string>&lt;group&gt;</string>
		</dict>
		<key>9A6B60CA196D19710016D83B</key>
		<dict>
			<key>children</key>
			<array>
				<string>9A6B60CB196D19710016D83B</string>
				<string>9A6B60CD196D19710016D83B</string>
				<string>9A6B60CF196D19710016D83B</string>
				<string>9A6B60EA196D19720016D83B</string>
				<string>E5E4F483B40D4402BEB0FB55</string>
			</array>
			<key>isa</key>
			<string>PBXGroup</string>
			<key>name</key>
			<string>Frameworks</string>
			<key>sourceTree</key>
			<string>&lt;group&gt;</string>
		</dict>
		<key>9A6B60CB196D19710016D83B</key>
		<dict>
			<key>isa</key>
			<string>PBXFileReference</string>
			<key>lastKnownFileType</key>
			<string>wrapper.framework</string>
			<key>name</key>
			<string>Foundation.framework</string>
			<key>path</key>
			<string>System/Library/Frameworks/Foundation.framework</string>
			<key>sourceTree</key>
			<string>SDKROOT</string>
		</dict>
		<key>9A6B60CC196D19710016D83B</key>
		<dict>
			<key>fileRef</key>
			<string>9A6B60CB196D19710016D83B</string>
			<key>isa</key>
			<string>PBXBuildFile</string>
		</dict>
		<key>9A6B60CD196D19710016D83B</key>
		<dict>
			<key>isa</key>
			<string>PBXFileReference</string>
			<key>lastKnownFileType</key>
			<string>wrapper.framework</string>
			<key>name</key>
			<string>CoreGraphics.framework</string>
			<key>path</key>
			<string>System/Library/Frameworks/CoreGraphics.framework</string>
			<key>sourceTree</key>
			<string>SDKROOT</string>
		</dict>
		<key>9A6B60CE196D19710016D83B</key>
		<dict>
			<key>fileRef</key>
			<string>9A6B60CD196D19710016D83B</string>
			<key>isa</key>
			<string>PBXBuildFile</string>
		</dict>
		<key>9A6B60CF196D19710016D83B</key>
		<dict>
			<key>isa</key>
			<string>PBXFileReference</string>
			<key>lastKnownFileType</key>
			<string>wrapper.framework</string>
			<key>name</key>
			<string>UIKit.framework</string>
			<key>path</key>
			<string>System/Library/Frameworks/UIKit.framework</string>
			<key>sourceTree</key>
			<string>SDKROOT</string>
		</dict>
		<key>9A6B60D0196D19710016D83B</key>
		<dict>
			<key>fileRef</key>
			<string>9A6B60CF196D19710016D83B</string>
			<key>isa</key>
			<string>PBXBuildFile</string>
		</dict>
		<key>9A6B60D1196D19710016D83B</key>
		<dict>
			<key>children</key>
			<array>
				<string>9A6B60DA196D19710016D83B</string>
				<string>9A6B60DB196D19710016D83B</string>
				<string>9A6B60DD196D19710016D83B</string>
				<string>9A6B60E0196D19710016D83B</string>
				<string>9A6B60E1196D19720016D83B</string>
				<string>9A6B60E3196D19720016D83B</string>
				<string>9A6B60D2196D19710016D83B</string>
			</array>
			<key>isa</key>
			<string>PBXGroup</string>
			<key>path</key>
			<string>OpenSilo</string>
			<key>sourceTree</key>
			<string>&lt;group&gt;</string>
		</dict>
		<key>9A6B60D2196D19710016D83B</key>
		<dict>
			<key>children</key>
			<array>
				<string>9A6B60D3196D19710016D83B</string>
				<string>9A6B60D4196D19710016D83B</string>
				<string>9A6B60D7196D19710016D83B</string>
				<string>9A6B60D9196D19710016D83B</string>
			</array>
			<key>isa</key>
			<string>PBXGroup</string>
			<key>name</key>
			<string>Supporting Files</string>
			<key>sourceTree</key>
			<string>&lt;group&gt;</string>
		</dict>
		<key>9A6B60D3196D19710016D83B</key>
		<dict>
			<key>isa</key>
			<string>PBXFileReference</string>
			<key>lastKnownFileType</key>
			<string>text.plist.xml</string>
			<key>path</key>
			<string>OpenSilo-Info.plist</string>
			<key>sourceTree</key>
			<string>&lt;group&gt;</string>
		</dict>
		<key>9A6B60D4196D19710016D83B</key>
		<dict>
			<key>children</key>
			<array>
				<string>9A6B60D5196D19710016D83B</string>
			</array>
			<key>isa</key>
			<string>PBXVariantGroup</string>
			<key>name</key>
			<string>InfoPlist.strings</string>
			<key>sourceTree</key>
			<string>&lt;group&gt;</string>
		</dict>
		<key>9A6B60D5196D19710016D83B</key>
		<dict>
			<key>isa</key>
			<string>PBXFileReference</string>
			<key>lastKnownFileType</key>
			<string>text.plist.strings</string>
			<key>name</key>
			<string>en</string>
			<key>path</key>
			<string>en.lproj/InfoPlist.strings</string>
			<key>sourceTree</key>
			<string>&lt;group&gt;</string>
		</dict>
		<key>9A6B60D6196D19710016D83B</key>
		<dict>
			<key>fileRef</key>
			<string>9A6B60D4196D19710016D83B</string>
			<key>isa</key>
			<string>PBXBuildFile</string>
		</dict>
		<key>9A6B60D7196D19710016D83B</key>
		<dict>
			<key>isa</key>
			<string>PBXFileReference</string>
			<key>lastKnownFileType</key>
			<string>sourcecode.c.objc</string>
			<key>path</key>
			<string>main.m</string>
			<key>sourceTree</key>
			<string>&lt;group&gt;</string>
		</dict>
		<key>9A6B60D8196D19710016D83B</key>
		<dict>
			<key>fileRef</key>
			<string>9A6B60D7196D19710016D83B</string>
			<key>isa</key>
			<string>PBXBuildFile</string>
		</dict>
		<key>9A6B60D9196D19710016D83B</key>
		<dict>
			<key>isa</key>
			<string>PBXFileReference</string>
			<key>lastKnownFileType</key>
			<string>sourcecode.c.h</string>
			<key>path</key>
			<string>OpenSilo-Prefix.pch</string>
			<key>sourceTree</key>
			<string>&lt;group&gt;</string>
		</dict>
		<key>9A6B60DA196D19710016D83B</key>
		<dict>
			<key>isa</key>
			<string>PBXFileReference</string>
			<key>lastKnownFileType</key>
			<string>sourcecode.c.h</string>
			<key>path</key>
			<string>OSAppDelegate.h</string>
			<key>sourceTree</key>
			<string>&lt;group&gt;</string>
		</dict>
		<key>9A6B60DB196D19710016D83B</key>
		<dict>
			<key>isa</key>
			<string>PBXFileReference</string>
			<key>lastKnownFileType</key>
			<string>sourcecode.c.objc</string>
			<key>path</key>
			<string>OSAppDelegate.m</string>
			<key>sourceTree</key>
			<string>&lt;group&gt;</string>
		</dict>
		<key>9A6B60DC196D19710016D83B</key>
		<dict>
			<key>fileRef</key>
			<string>9A6B60DB196D19710016D83B</string>
			<key>isa</key>
			<string>PBXBuildFile</string>
		</dict>
		<key>9A6B60DD196D19710016D83B</key>
		<dict>
			<key>children</key>
			<array>
				<string>9A6B60DE196D19710016D83B</string>
			</array>
			<key>isa</key>
			<string>PBXVariantGroup</string>
			<key>name</key>
			<string>Main.storyboard</string>
			<key>sourceTree</key>
			<string>&lt;group&gt;</string>
		</dict>
		<key>9A6B60DE196D19710016D83B</key>
		<dict>
			<key>isa</key>
			<string>PBXFileReference</string>
			<key>lastKnownFileType</key>
			<string>file.storyboard</string>
			<key>name</key>
			<string>Base</string>
			<key>path</key>
			<string>Base.lproj/Main.storyboard</string>
			<key>sourceTree</key>
			<string>&lt;group&gt;</string>
		</dict>
		<key>9A6B60DF196D19710016D83B</key>
		<dict>
			<key>fileRef</key>
			<string>9A6B60DD196D19710016D83B</string>
			<key>isa</key>
			<string>PBXBuildFile</string>
		</dict>
		<key>9A6B60E0196D19710016D83B</key>
		<dict>
			<key>isa</key>
			<string>PBXFileReference</string>
			<key>lastKnownFileType</key>
			<string>sourcecode.c.h</string>
			<key>path</key>
			<string>OSViewController.h</string>
			<key>sourceTree</key>
			<string>&lt;group&gt;</string>
		</dict>
		<key>9A6B60E1196D19720016D83B</key>
		<dict>
			<key>isa</key>
			<string>PBXFileReference</string>
			<key>lastKnownFileType</key>
			<string>sourcecode.c.objc</string>
			<key>path</key>
			<string>OSViewController.m</string>
			<key>sourceTree</key>
			<string>&lt;group&gt;</string>
		</dict>
		<key>9A6B60E2196D19720016D83B</key>
		<dict>
			<key>fileRef</key>
			<string>9A6B60E1196D19720016D83B</string>
			<key>isa</key>
			<string>PBXBuildFile</string>
		</dict>
		<key>9A6B60E3196D19720016D83B</key>
		<dict>
			<key>isa</key>
			<string>PBXFileReference</string>
			<key>lastKnownFileType</key>
			<string>folder.assetcatalog</string>
			<key>path</key>
			<string>Images.xcassets</string>
			<key>sourceTree</key>
			<string>&lt;group&gt;</string>
		</dict>
		<key>9A6B60E4196D19720016D83B</key>
		<dict>
			<key>fileRef</key>
			<string>9A6B60E3196D19720016D83B</string>
			<key>isa</key>
			<string>PBXBuildFile</string>
		</dict>
		<key>9A6B60E5196D19720016D83B</key>
		<dict>
			<key>buildActionMask</key>
			<string>2147483647</string>
			<key>files</key>
			<array>
				<string>9A6B60F7196D19720016D83B</string>
			</array>
			<key>isa</key>
			<string>PBXSourcesBuildPhase</string>
			<key>runOnlyForDeploymentPostprocessing</key>
			<string>0</string>
		</dict>
		<key>9A6B60E6196D19720016D83B</key>
		<dict>
			<key>buildActionMask</key>
			<string>2147483647</string>
			<key>files</key>
			<array>
				<string>9A6B60EB196D19720016D83B</string>
				<string>9A6B60ED196D19720016D83B</string>
				<string>9A6B60EC196D19720016D83B</string>
			</array>
			<key>isa</key>
			<string>PBXFrameworksBuildPhase</string>
			<key>runOnlyForDeploymentPostprocessing</key>
			<string>0</string>
		</dict>
		<key>9A6B60E7196D19720016D83B</key>
		<dict>
			<key>buildActionMask</key>
			<string>2147483647</string>
			<key>files</key>
			<array>
				<string>9A6B60F5196D19720016D83B</string>
			</array>
			<key>isa</key>
			<string>PBXResourcesBuildPhase</string>
			<key>runOnlyForDeploymentPostprocessing</key>
			<string>0</string>
		</dict>
		<key>9A6B60E8196D19720016D83B</key>
		<dict>
			<key>buildConfigurationList</key>
			<string>9A6B60FD196D19720016D83B</string>
			<key>buildPhases</key>
			<array>
				<string>9A6B60E5196D19720016D83B</string>
				<string>9A6B60E6196D19720016D83B</string>
				<string>9A6B60E7196D19720016D83B</string>
			</array>
			<key>buildRules</key>
			<array/>
			<key>dependencies</key>
			<array>
				<string>9A6B60EF196D19720016D83B</string>
			</array>
			<key>isa</key>
			<string>PBXNativeTarget</string>
			<key>name</key>
			<string>OpenSiloTests</string>
			<key>productName</key>
			<string>OpenSiloTests</string>
			<key>productReference</key>
			<string>9A6B60E9196D19720016D83B</string>
			<key>productType</key>
			<string>com.apple.product-type.bundle.unit-test</string>
		</dict>
		<key>9A6B60E9196D19720016D83B</key>
		<dict>
			<key>explicitFileType</key>
			<string>wrapper.cfbundle</string>
			<key>includeInIndex</key>
			<string>0</string>
			<key>isa</key>
			<string>PBXFileReference</string>
			<key>path</key>
			<string>OpenSiloTests.xctest</string>
			<key>sourceTree</key>
			<string>BUILT_PRODUCTS_DIR</string>
		</dict>
		<key>9A6B60EA196D19720016D83B</key>
		<dict>
			<key>isa</key>
			<string>PBXFileReference</string>
			<key>lastKnownFileType</key>
			<string>wrapper.framework</string>
			<key>name</key>
			<string>XCTest.framework</string>
			<key>path</key>
			<string>Library/Frameworks/XCTest.framework</string>
			<key>sourceTree</key>
			<string>DEVELOPER_DIR</string>
		</dict>
		<key>9A6B60EB196D19720016D83B</key>
		<dict>
			<key>fileRef</key>
			<string>9A6B60EA196D19720016D83B</string>
			<key>isa</key>
			<string>PBXBuildFile</string>
		</dict>
		<key>9A6B60EC196D19720016D83B</key>
		<dict>
			<key>fileRef</key>
			<string>9A6B60CB196D19710016D83B</string>
			<key>isa</key>
			<string>PBXBuildFile</string>
		</dict>
		<key>9A6B60ED196D19720016D83B</key>
		<dict>
			<key>fileRef</key>
			<string>9A6B60CF196D19710016D83B</string>
			<key>isa</key>
			<string>PBXBuildFile</string>
		</dict>
		<key>9A6B60EE196D19720016D83B</key>
		<dict>
			<key>containerPortal</key>
			<string>9A6B60C0196D19710016D83B</string>
			<key>isa</key>
			<string>PBXContainerItemProxy</string>
			<key>proxyType</key>
			<string>1</string>
			<key>remoteGlobalIDString</key>
			<string>9A6B60C7196D19710016D83B</string>
			<key>remoteInfo</key>
			<string>OpenSilo</string>
		</dict>
		<key>9A6B60EF196D19720016D83B</key>
		<dict>
			<key>isa</key>
			<string>PBXTargetDependency</string>
			<key>target</key>
			<string>9A6B60C7196D19710016D83B</string>
			<key>targetProxy</key>
			<string>9A6B60EE196D19720016D83B</string>
		</dict>
		<key>9A6B60F0196D19720016D83B</key>
		<dict>
			<key>children</key>
			<array>
				<string>9A6B60F6196D19720016D83B</string>
				<string>9A6B60F1196D19720016D83B</string>
			</array>
			<key>isa</key>
			<string>PBXGroup</string>
			<key>path</key>
			<string>OpenSiloTests</string>
			<key>sourceTree</key>
			<string>&lt;group&gt;</string>
		</dict>
		<key>9A6B60F1196D19720016D83B</key>
		<dict>
			<key>children</key>
			<array>
				<string>9A6B60F2196D19720016D83B</string>
				<string>9A6B60F3196D19720016D83B</string>
			</array>
			<key>isa</key>
			<string>PBXGroup</string>
			<key>name</key>
			<string>Supporting Files</string>
			<key>sourceTree</key>
			<string>&lt;group&gt;</string>
		</dict>
		<key>9A6B60F2196D19720016D83B</key>
		<dict>
			<key>isa</key>
			<string>PBXFileReference</string>
			<key>lastKnownFileType</key>
			<string>text.plist.xml</string>
			<key>path</key>
			<string>OpenSiloTests-Info.plist</string>
			<key>sourceTree</key>
			<string>&lt;group&gt;</string>
		</dict>
		<key>9A6B60F3196D19720016D83B</key>
		<dict>
			<key>children</key>
			<array>
				<string>9A6B60F4196D19720016D83B</string>
			</array>
			<key>isa</key>
			<string>PBXVariantGroup</string>
			<key>name</key>
			<string>InfoPlist.strings</string>
			<key>sourceTree</key>
			<string>&lt;group&gt;</string>
		</dict>
		<key>9A6B60F4196D19720016D83B</key>
		<dict>
			<key>isa</key>
			<string>PBXFileReference</string>
			<key>lastKnownFileType</key>
			<string>text.plist.strings</string>
			<key>name</key>
			<string>en</string>
			<key>path</key>
			<string>en.lproj/InfoPlist.strings</string>
			<key>sourceTree</key>
			<string>&lt;group&gt;</string>
		</dict>
		<key>9A6B60F5196D19720016D83B</key>
		<dict>
			<key>fileRef</key>
			<string>9A6B60F3196D19720016D83B</string>
			<key>isa</key>
			<string>PBXBuildFile</string>
		</dict>
		<key>9A6B60F6196D19720016D83B</key>
		<dict>
			<key>isa</key>
			<string>PBXFileReference</string>
			<key>lastKnownFileType</key>
			<string>sourcecode.c.objc</string>
			<key>path</key>
			<string>OpenSiloTests.m</string>
			<key>sourceTree</key>
			<string>&lt;group&gt;</string>
		</dict>
		<key>9A6B60F7196D19720016D83B</key>
		<dict>
			<key>fileRef</key>
			<string>9A6B60F6196D19720016D83B</string>
			<key>isa</key>
			<string>PBXBuildFile</string>
		</dict>
		<key>9A6B60F8196D19720016D83B</key>
		<dict>
			<key>buildSettings</key>
			<dict>
				<key>ALWAYS_SEARCH_USER_PATHS</key>
				<string>NO</string>
				<key>CLANG_CXX_LANGUAGE_STANDARD</key>
				<string>gnu++0x</string>
				<key>CLANG_CXX_LIBRARY</key>
				<string>libc++</string>
				<key>CLANG_ENABLE_MODULES</key>
				<string>YES</string>
				<key>CLANG_ENABLE_OBJC_ARC</key>
				<string>YES</string>
				<key>CLANG_WARN_BOOL_CONVERSION</key>
				<string>YES</string>
				<key>CLANG_WARN_CONSTANT_CONVERSION</key>
				<string>YES</string>
				<key>CLANG_WARN_DIRECT_OBJC_ISA_USAGE</key>
				<string>YES_ERROR</string>
				<key>CLANG_WARN_EMPTY_BODY</key>
				<string>YES</string>
				<key>CLANG_WARN_ENUM_CONVERSION</key>
				<string>YES</string>
				<key>CLANG_WARN_INT_CONVERSION</key>
				<string>YES</string>
				<key>CLANG_WARN_OBJC_ROOT_CLASS</key>
				<string>YES_ERROR</string>
				<key>CLANG_WARN__DUPLICATE_METHOD_MATCH</key>
				<string>YES</string>
				<key>CODE_SIGN_IDENTITY[sdk=iphoneos*]</key>
				<string>iPhone Developer</string>
				<key>COPY_PHASE_STRIP</key>
				<string>NO</string>
				<key>GCC_C_LANGUAGE_STANDARD</key>
				<string>gnu99</string>
				<key>GCC_DYNAMIC_NO_PIC</key>
				<string>NO</string>
				<key>GCC_OPTIMIZATION_LEVEL</key>
				<string>0</string>
				<key>GCC_PREPROCESSOR_DEFINITIONS</key>
				<array>
					<string>DEBUG=1</string>
					<string>$(inherited)</string>
				</array>
				<key>GCC_SYMBOLS_PRIVATE_EXTERN</key>
				<string>NO</string>
				<key>GCC_WARN_64_TO_32_BIT_CONVERSION</key>
				<string>YES</string>
				<key>GCC_WARN_ABOUT_RETURN_TYPE</key>
				<string>YES_ERROR</string>
				<key>GCC_WARN_UNDECLARED_SELECTOR</key>
				<string>YES</string>
				<key>GCC_WARN_UNINITIALIZED_AUTOS</key>
				<string>YES_AGGRESSIVE</string>
				<key>GCC_WARN_UNUSED_FUNCTION</key>
				<string>YES</string>
				<key>GCC_WARN_UNUSED_VARIABLE</key>
				<string>YES</string>
				<key>IPHONEOS_DEPLOYMENT_TARGET</key>
				<string>7.1</string>
				<key>ONLY_ACTIVE_ARCH</key>
				<string>YES</string>
				<key>SDKROOT</key>
				<string>iphoneos</string>
			</dict>
			<key>isa</key>
			<string>XCBuildConfiguration</string>
			<key>name</key>
			<string>Debug</string>
		</dict>
		<key>9A6B60F9196D19720016D83B</key>
		<dict>
			<key>buildSettings</key>
			<dict>
				<key>ALWAYS_SEARCH_USER_PATHS</key>
				<string>NO</string>
				<key>CLANG_CXX_LANGUAGE_STANDARD</key>
				<string>gnu++0x</string>
				<key>CLANG_CXX_LIBRARY</key>
				<string>libc++</string>
				<key>CLANG_ENABLE_MODULES</key>
				<string>YES</string>
				<key>CLANG_ENABLE_OBJC_ARC</key>
				<string>YES</string>
				<key>CLANG_WARN_BOOL_CONVERSION</key>
				<string>YES</string>
				<key>CLANG_WARN_CONSTANT_CONVERSION</key>
				<string>YES</string>
				<key>CLANG_WARN_DIRECT_OBJC_ISA_USAGE</key>
				<string>YES_ERROR</string>
				<key>CLANG_WARN_EMPTY_BODY</key>
				<string>YES</string>
				<key>CLANG_WARN_ENUM_CONVERSION</key>
				<string>YES</string>
				<key>CLANG_WARN_INT_CONVERSION</key>
				<string>YES</string>
				<key>CLANG_WARN_OBJC_ROOT_CLASS</key>
				<string>YES_ERROR</string>
				<key>CLANG_WARN__DUPLICATE_METHOD_MATCH</key>
				<string>YES</string>
				<key>CODE_SIGN_IDENTITY[sdk=iphoneos*]</key>
				<string>iPhone Developer</string>
				<key>COPY_PHASE_STRIP</key>
				<string>YES</string>
				<key>ENABLE_NS_ASSERTIONS</key>
				<string>NO</string>
				<key>GCC_C_LANGUAGE_STANDARD</key>
				<string>gnu99</string>
				<key>GCC_WARN_64_TO_32_BIT_CONVERSION</key>
				<string>YES</string>
				<key>GCC_WARN_ABOUT_RETURN_TYPE</key>
				<string>YES_ERROR</string>
				<key>GCC_WARN_UNDECLARED_SELECTOR</key>
				<string>YES</string>
				<key>GCC_WARN_UNINITIALIZED_AUTOS</key>
				<string>YES_AGGRESSIVE</string>
				<key>GCC_WARN_UNUSED_FUNCTION</key>
				<string>YES</string>
				<key>GCC_WARN_UNUSED_VARIABLE</key>
				<string>YES</string>
				<key>IPHONEOS_DEPLOYMENT_TARGET</key>
				<string>7.1</string>
				<key>SDKROOT</key>
				<string>iphoneos</string>
				<key>VALIDATE_PRODUCT</key>
				<string>YES</string>
			</dict>
			<key>isa</key>
			<string>XCBuildConfiguration</string>
			<key>name</key>
			<string>Release</string>
		</dict>
		<key>9A6B60FA196D19720016D83B</key>
		<dict>
			<key>buildConfigurations</key>
			<array>
				<string>9A6B60FB196D19720016D83B</string>
				<string>9A6B60FC196D19720016D83B</string>
			</array>
			<key>defaultConfigurationIsVisible</key>
			<string>0</string>
			<key>isa</key>
			<string>XCConfigurationList</string>
		</dict>
		<key>9A6B60FB196D19720016D83B</key>
		<dict>
			<key>baseConfigurationReference</key>
			<string>ACFD39B11A034E4BB459C1FE</string>
			<key>buildSettings</key>
			<dict>
				<key>ASSETCATALOG_COMPILER_APPICON_NAME</key>
				<string>AppIcon</string>
				<key>ASSETCATALOG_COMPILER_LAUNCHIMAGE_NAME</key>
				<string>LaunchImage</string>
				<key>GCC_PRECOMPILE_PREFIX_HEADER</key>
				<string>YES</string>
				<key>GCC_PREFIX_HEADER</key>
				<string>OpenSilo/OpenSilo-Prefix.pch</string>
				<key>INFOPLIST_FILE</key>
				<string>OpenSilo/OpenSilo-Info.plist</string>
				<key>PRODUCT_NAME</key>
				<string>$(TARGET_NAME)</string>
				<key>WRAPPER_EXTENSION</key>
				<string>app</string>
			</dict>
			<key>isa</key>
			<string>XCBuildConfiguration</string>
			<key>name</key>
			<string>Debug</string>
		</dict>
		<key>9A6B60FC196D19720016D83B</key>
		<dict>
			<key>baseConfigurationReference</key>
			<string>ACFD39B11A034E4BB459C1FE</string>
			<key>buildSettings</key>
			<dict>
				<key>ASSETCATALOG_COMPILER_APPICON_NAME</key>
				<string>AppIcon</string>
				<key>ASSETCATALOG_COMPILER_LAUNCHIMAGE_NAME</key>
				<string>LaunchImage</string>
				<key>GCC_PRECOMPILE_PREFIX_HEADER</key>
				<string>YES</string>
				<key>GCC_PREFIX_HEADER</key>
				<string>OpenSilo/OpenSilo-Prefix.pch</string>
				<key>INFOPLIST_FILE</key>
				<string>OpenSilo/OpenSilo-Info.plist</string>
				<key>PRODUCT_NAME</key>
				<string>$(TARGET_NAME)</string>
				<key>WRAPPER_EXTENSION</key>
				<string>app</string>
			</dict>
			<key>isa</key>
			<string>XCBuildConfiguration</string>
			<key>name</key>
			<string>Release</string>
		</dict>
		<key>9A6B60FD196D19720016D83B</key>
		<dict>
			<key>buildConfigurations</key>
			<array>
				<string>9A6B60FE196D19720016D83B</string>
				<string>9A6B60FF196D19720016D83B</string>
			</array>
			<key>defaultConfigurationIsVisible</key>
			<string>0</string>
			<key>isa</key>
			<string>XCConfigurationList</string>
		</dict>
		<key>9A6B60FE196D19720016D83B</key>
		<dict>
			<key>buildSettings</key>
			<dict>
				<key>BUNDLE_LOADER</key>
				<string>$(BUILT_PRODUCTS_DIR)/OpenSilo.app/OpenSilo</string>
				<key>FRAMEWORK_SEARCH_PATHS</key>
				<array>
					<string>$(SDKROOT)/Developer/Library/Frameworks</string>
					<string>$(inherited)</string>
					<string>$(DEVELOPER_FRAMEWORKS_DIR)</string>
				</array>
				<key>GCC_PRECOMPILE_PREFIX_HEADER</key>
				<string>YES</string>
				<key>GCC_PREFIX_HEADER</key>
				<string>OpenSilo/OpenSilo-Prefix.pch</string>
				<key>GCC_PREPROCESSOR_DEFINITIONS</key>
				<array>
					<string>DEBUG=1</string>
					<string>$(inherited)</string>
				</array>
				<key>INFOPLIST_FILE</key>
				<string>OpenSiloTests/OpenSiloTests-Info.plist</string>
				<key>PRODUCT_NAME</key>
				<string>$(TARGET_NAME)</string>
				<key>TEST_HOST</key>
				<string>$(BUNDLE_LOADER)</string>
				<key>WRAPPER_EXTENSION</key>
				<string>xctest</string>
			</dict>
			<key>isa</key>
			<string>XCBuildConfiguration</string>
			<key>name</key>
			<string>Debug</string>
		</dict>
		<key>9A6B60FF196D19720016D83B</key>
		<dict>
			<key>buildSettings</key>
			<dict>
				<key>BUNDLE_LOADER</key>
				<string>$(BUILT_PRODUCTS_DIR)/OpenSilo.app/OpenSilo</string>
				<key>FRAMEWORK_SEARCH_PATHS</key>
				<array>
					<string>$(SDKROOT)/Developer/Library/Frameworks</string>
					<string>$(inherited)</string>
					<string>$(DEVELOPER_FRAMEWORKS_DIR)</string>
				</array>
				<key>GCC_PRECOMPILE_PREFIX_HEADER</key>
				<string>YES</string>
				<key>GCC_PREFIX_HEADER</key>
				<string>OpenSilo/OpenSilo-Prefix.pch</string>
				<key>INFOPLIST_FILE</key>
				<string>OpenSiloTests/OpenSiloTests-Info.plist</string>
				<key>PRODUCT_NAME</key>
				<string>$(TARGET_NAME)</string>
				<key>TEST_HOST</key>
				<string>$(BUNDLE_LOADER)</string>
				<key>WRAPPER_EXTENSION</key>
				<string>xctest</string>
			</dict>
			<key>isa</key>
			<string>XCBuildConfiguration</string>
			<key>name</key>
			<string>Release</string>
		</dict>
		<key>ACFD39B11A034E4BB459C1FE</key>
		<dict>
			<key>includeInIndex</key>
			<string>1</string>
			<key>isa</key>
			<string>PBXFileReference</string>
			<key>lastKnownFileType</key>
			<string>text.xcconfig</string>
			<key>name</key>
			<string>Pods.xcconfig</string>
			<key>path</key>
			<string>Pods/Pods.xcconfig</string>
			<key>sourceTree</key>
			<string>&lt;group&gt;</string>
		</dict>
		<key>D351182AA7EE403B88B60017</key>
		<dict>
			<key>fileRef</key>
			<string>E5E4F483B40D4402BEB0FB55</string>
			<key>isa</key>
			<string>PBXBuildFile</string>
		</dict>
		<key>E5E4F483B40D4402BEB0FB55</key>
		<dict>
			<key>explicitFileType</key>
			<string>archive.ar</string>
			<key>includeInIndex</key>
			<string>0</string>
			<key>isa</key>
			<string>PBXFileReference</string>
			<key>path</key>
			<string>libPods.a</string>
			<key>sourceTree</key>
			<string>BUILT_PRODUCTS_DIR</string>
		</dict>
	</dict>
	<key>rootObject</key>
	<string>9A6B60C0196D19710016D83B</string>
</dict>
</plist>
